// !$*UTF8*$!
{
	archiveVersion = 1;
	classes = {
	};
	objectVersion = 46;
	objects = {

/* Begin PBXBuildFile section */
		ABCCB7FB1B7E00BE00E0C7E9 /* main.m in Sources */ = {isa = PBXBuildFile; fileRef = ABCCB7FA1B7E00BE00E0C7E9 /* main.m */; };
		ABCCB7FE1B7E00BE00E0C7E9 /* AppDelegate.m in Sources */ = {isa = PBXBuildFile; fileRef = ABCCB7FD1B7E00BE00E0C7E9 /* AppDelegate.m */; };
		ABCCB8041B7E00BE00E0C7E9 /* Main.storyboard in Resources */ = {isa = PBXBuildFile; fileRef = ABCCB8021B7E00BE00E0C7E9 /* Main.storyboard */; };
		ABCCB8061B7E00BE00E0C7E9 /* Images.xcassets in Resources */ = {isa = PBXBuildFile; fileRef = ABCCB8051B7E00BE00E0C7E9 /* Images.xcassets */; };
		ABCCB8091B7E00BE00E0C7E9 /* LaunchScreen.xib in Resources */ = {isa = PBXBuildFile; fileRef = ABCCB8071B7E00BE00E0C7E9 /* LaunchScreen.xib */; };
		ABCCB8151B7E00BE00E0C7E9 /* Oefening_MVC_0Tests.m in Sources */ = {isa = PBXBuildFile; fileRef = ABCCB8141B7E00BE00E0C7E9 /* Oefening_MVC_0Tests.m */; };
		ABCCB8291B7E1C6A00E0C7E9 /* RandomViewController.m in Sources */ = {isa = PBXBuildFile; fileRef = ABCCB8281B7E1C6A00E0C7E9 /* RandomViewController.m */; };
		ABCCB82C1B7E1D4300E0C7E9 /* ImageViewController.m in Sources */ = {isa = PBXBuildFile; fileRef = ABCCB82B1B7E1D4300E0C7E9 /* ImageViewController.m */; };
		ABCCB82F1B7E1E7200E0C7E9 /* SwitchViewController.m in Sources */ = {isa = PBXBuildFile; fileRef = ABCCB82E1B7E1E7200E0C7E9 /* SwitchViewController.m */; };
		ABCCB8321B7E1E7B00E0C7E9 /* SliderViewController.m in Sources */ = {isa = PBXBuildFile; fileRef = ABCCB8311B7E1E7B00E0C7E9 /* SliderViewController.m */; };
		BEC3B5361B82002900B62222 /* SegmentedViewController.m in Sources */ = {isa = PBXBuildFile; fileRef = BEC3B5351B82002900B62222 /* SegmentedViewController.m */; };
/* End PBXBuildFile section */

/* Begin PBXContainerItemProxy section */
		ABCCB80F1B7E00BE00E0C7E9 /* PBXContainerItemProxy */ = {
			isa = PBXContainerItemProxy;
			containerPortal = ABCCB7ED1B7E00BE00E0C7E9 /* Project object */;
			proxyType = 1;
			remoteGlobalIDString = ABCCB7F41B7E00BE00E0C7E9;
			remoteInfo = "Oefening-MVC-0";
		};
/* End PBXContainerItemProxy section */

/* Begin PBXFileReference section */
		ABCCB7F51B7E00BE00E0C7E9 /* Oefening-MVC-0.app */ = {isa = PBXFileReference; explicitFileType = wrapper.application; includeInIndex = 0; path = "Oefening-MVC-0.app"; sourceTree = BUILT_PRODUCTS_DIR; };
		ABCCB7F91B7E00BE00E0C7E9 /* Info.plist */ = {isa = PBXFileReference; lastKnownFileType = text.plist.xml; path = Info.plist; sourceTree = "<group>"; };
		ABCCB7FA1B7E00BE00E0C7E9 /* main.m */ = {isa = PBXFileReference; lastKnownFileType = sourcecode.c.objc; path = main.m; sourceTree = "<group>"; };
		ABCCB7FC1B7E00BE00E0C7E9 /* AppDelegate.h */ = {isa = PBXFileReference; lastKnownFileType = sourcecode.c.h; path = AppDelegate.h; sourceTree = "<group>"; };
		ABCCB7FD1B7E00BE00E0C7E9 /* AppDelegate.m */ = {isa = PBXFileReference; lastKnownFileType = sourcecode.c.objc; path = AppDelegate.m; sourceTree = "<group>"; };
		ABCCB8031B7E00BE00E0C7E9 /* Base */ = {isa = PBXFileReference; lastKnownFileType = file.storyboard; name = Base; path = Base.lproj/Main.storyboard; sourceTree = "<group>"; };
		ABCCB8051B7E00BE00E0C7E9 /* Images.xcassets */ = {isa = PBXFileReference; lastKnownFileType = folder.assetcatalog; path = Images.xcassets; sourceTree = "<group>"; };
		ABCCB8081B7E00BE00E0C7E9 /* Base */ = {isa = PBXFileReference; lastKnownFileType = file.xib; name = Base; path = Base.lproj/LaunchScreen.xib; sourceTree = "<group>"; };
		ABCCB80E1B7E00BE00E0C7E9 /* Oefening-MVC-0Tests.xctest */ = {isa = PBXFileReference; explicitFileType = wrapper.cfbundle; includeInIndex = 0; path = "Oefening-MVC-0Tests.xctest"; sourceTree = BUILT_PRODUCTS_DIR; };
		ABCCB8131B7E00BE00E0C7E9 /* Info.plist */ = {isa = PBXFileReference; lastKnownFileType = text.plist.xml; path = Info.plist; sourceTree = "<group>"; };
		ABCCB8141B7E00BE00E0C7E9 /* Oefening_MVC_0Tests.m */ = {isa = PBXFileReference; lastKnownFileType = sourcecode.c.objc; path = Oefening_MVC_0Tests.m; sourceTree = "<group>"; };
		ABCCB8271B7E1C6A00E0C7E9 /* RandomViewController.h */ = {isa = PBXFileReference; fileEncoding = 4; lastKnownFileType = sourcecode.c.h; name = RandomViewController.h; path = Classes/RandomViewController.h; sourceTree = "<group>"; };
		ABCCB8281B7E1C6A00E0C7E9 /* RandomViewController.m */ = {isa = PBXFileReference; fileEncoding = 4; lastKnownFileType = sourcecode.c.objc; name = RandomViewController.m; path = Classes/RandomViewController.m; sourceTree = "<group>"; };
		ABCCB82A1B7E1D4300E0C7E9 /* ImageViewController.h */ = {isa = PBXFileReference; fileEncoding = 4; lastKnownFileType = sourcecode.c.h; name = ImageViewController.h; path = Classes/ImageViewController.h; sourceTree = "<group>"; };
		ABCCB82B1B7E1D4300E0C7E9 /* ImageViewController.m */ = {isa = PBXFileReference; fileEncoding = 4; lastKnownFileType = sourcecode.c.objc; name = ImageViewController.m; path = Classes/ImageViewController.m; sourceTree = "<group>"; };
		ABCCB82D1B7E1E7200E0C7E9 /* SwitchViewController.h */ = {isa = PBXFileReference; fileEncoding = 4; lastKnownFileType = sourcecode.c.h; name = SwitchViewController.h; path = Classes/SwitchViewController.h; sourceTree = "<group>"; };
		ABCCB82E1B7E1E7200E0C7E9 /* SwitchViewController.m */ = {isa = PBXFileReference; fileEncoding = 4; lastKnownFileType = sourcecode.c.objc; name = SwitchViewController.m; path = Classes/SwitchViewController.m; sourceTree = "<group>"; };
		ABCCB8301B7E1E7B00E0C7E9 /* SliderViewController.h */ = {isa = PBXFileReference; fileEncoding = 4; lastKnownFileType = sourcecode.c.h; name = SliderViewController.h; path = Classes/SliderViewController.h; sourceTree = "<group>"; };
		ABCCB8311B7E1E7B00E0C7E9 /* SliderViewController.m */ = {isa = PBXFileReference; fileEncoding = 4; lastKnownFileType = sourcecode.c.objc; name = SliderViewController.m; path = Classes/SliderViewController.m; sourceTree = "<group>"; };
		BEC3B5341B82002900B62222 /* SegmentedViewController.h */ = {isa = PBXFileReference; fileEncoding = 4; lastKnownFileType = sourcecode.c.h; name = SegmentedViewController.h; path = Classes/SegmentedViewController.h; sourceTree = "<group>"; };
		BEC3B5351B82002900B62222 /* SegmentedViewController.m */ = {isa = PBXFileReference; fileEncoding = 4; lastKnownFileType = sourcecode.c.objc; name = SegmentedViewController.m; path = Classes/SegmentedViewController.m; sourceTree = "<group>"; };
/* End PBXFileReference section */

/* Begin PBXFrameworksBuildPhase section */
		ABCCB7F21B7E00BE00E0C7E9 /* Frameworks */ = {
			isa = PBXFrameworksBuildPhase;
			buildActionMask = 2147483647;
			files = (
			);
			runOnlyForDeploymentPostprocessing = 0;
		};
		ABCCB80B1B7E00BE00E0C7E9 /* Frameworks */ = {
			isa = PBXFrameworksBuildPhase;
			buildActionMask = 2147483647;
			files = (
			);
			runOnlyForDeploymentPostprocessing = 0;
		};
/* End PBXFrameworksBuildPhase section */

/* Begin PBXGroup section */
		ABCCB7EC1B7E00BE00E0C7E9 = {
			isa = PBXGroup;
			children = (
				ABCCB7F71B7E00BE00E0C7E9 /* Oefening-MVC-0 */,
				ABCCB8111B7E00BE00E0C7E9 /* Oefening-MVC-0Tests */,
				ABCCB7F61B7E00BE00E0C7E9 /* Products */,
			);
			sourceTree = "<group>";
		};
		ABCCB7F61B7E00BE00E0C7E9 /* Products */ = {
			isa = PBXGroup;
			children = (
				ABCCB7F51B7E00BE00E0C7E9 /* Oefening-MVC-0.app */,
				ABCCB80E1B7E00BE00E0C7E9 /* Oefening-MVC-0Tests.xctest */,
			);
			name = Products;
			sourceTree = "<group>";
		};
		ABCCB7F71B7E00BE00E0C7E9 /* Oefening-MVC-0 */ = {
			isa = PBXGroup;
			children = (
				ABCCB8231B7E00E300E0C7E9 /* Application */,
				ABCCB81E1B7E00C200E0C7E9 /* Controllers */,
				ABCCB8201B7E00CD00E0C7E9 /* Models */,
				ABCCB81F1B7E00C900E0C7E9 /* Views */,
				ABCCB8211B7E00D200E0C7E9 /* Resources */,
				ABCCB7F81B7E00BE00E0C7E9 /* Supporting Files */,
			);
			path = "Oefening-MVC-0";
			sourceTree = "<group>";
		};
		ABCCB7F81B7E00BE00E0C7E9 /* Supporting Files */ = {
			isa = PBXGroup;
			children = (
				ABCCB7F91B7E00BE00E0C7E9 /* Info.plist */,
				ABCCB7FA1B7E00BE00E0C7E9 /* main.m */,
			);
			name = "Supporting Files";
			sourceTree = "<group>";
		};
		ABCCB8111B7E00BE00E0C7E9 /* Oefening-MVC-0Tests */ = {
			isa = PBXGroup;
			children = (
				ABCCB8141B7E00BE00E0C7E9 /* Oefening_MVC_0Tests.m */,
				ABCCB8121B7E00BE00E0C7E9 /* Supporting Files */,
			);
			path = "Oefening-MVC-0Tests";
			sourceTree = "<group>";
		};
		ABCCB8121B7E00BE00E0C7E9 /* Supporting Files */ = {
			isa = PBXGroup;
			children = (
				ABCCB8131B7E00BE00E0C7E9 /* Info.plist */,
			);
			name = "Supporting Files";
			sourceTree = "<group>";
		};
		ABCCB81E1B7E00C200E0C7E9 /* Controllers */ = {
			isa = PBXGroup;
			children = (
				ABCCB8221B7E00DD00E0C7E9 /* Storyboards */,
				ABCCB8271B7E1C6A00E0C7E9 /* RandomViewController.h */,
				ABCCB8281B7E1C6A00E0C7E9 /* RandomViewController.m */,
				ABCCB82A1B7E1D4300E0C7E9 /* ImageViewController.h */,
				ABCCB82B1B7E1D4300E0C7E9 /* ImageViewController.m */,
				ABCCB82D1B7E1E7200E0C7E9 /* SwitchViewController.h */,
				ABCCB82E1B7E1E7200E0C7E9 /* SwitchViewController.m */,
				ABCCB8301B7E1E7B00E0C7E9 /* SliderViewController.h */,
				ABCCB8311B7E1E7B00E0C7E9 /* SliderViewController.m */,
				BEC3B5341B82002900B62222 /* SegmentedViewController.h */,
				BEC3B5351B82002900B62222 /* SegmentedViewController.m */,
			);
			name = Controllers;
			sourceTree = "<group>";
		};
		ABCCB81F1B7E00C900E0C7E9 /* Views */ = {
			isa = PBXGroup;
			children = (
			);
			name = Views;
			sourceTree = "<group>";
		};
		ABCCB8201B7E00CD00E0C7E9 /* Models */ = {
			isa = PBXGroup;
			children = (
			);
			name = Models;
			sourceTree = "<group>";
		};
		ABCCB8211B7E00D200E0C7E9 /* Resources */ = {
			isa = PBXGroup;
			children = (
				ABCCB8051B7E00BE00E0C7E9 /* Images.xcassets */,
			);
			name = Resources;
			sourceTree = "<group>";
		};
		ABCCB8221B7E00DD00E0C7E9 /* Storyboards */ = {
			isa = PBXGroup;
			children = (
				ABCCB8021B7E00BE00E0C7E9 /* Main.storyboard */,
				ABCCB8071B7E00BE00E0C7E9 /* LaunchScreen.xib */,
			);
			name = Storyboards;
			sourceTree = "<group>";
		};
		ABCCB8231B7E00E300E0C7E9 /* Application */ = {
			isa = PBXGroup;
			children = (
				ABCCB7FC1B7E00BE00E0C7E9 /* AppDelegate.h */,
				ABCCB7FD1B7E00BE00E0C7E9 /* AppDelegate.m */,
			);
			name = Application;
			sourceTree = "<group>";
		};
/* End PBXGroup section */

/* Begin PBXNativeTarget section */
		ABCCB7F41B7E00BE00E0C7E9 /* Oefening-MVC-0 */ = {
			isa = PBXNativeTarget;
			buildConfigurationList = ABCCB8181B7E00BE00E0C7E9 /* Build configuration list for PBXNativeTarget "Oefening-MVC-0" */;
			buildPhases = (
				ABCCB7F11B7E00BE00E0C7E9 /* Sources */,
				ABCCB7F21B7E00BE00E0C7E9 /* Frameworks */,
				ABCCB7F31B7E00BE00E0C7E9 /* Resources */,
			);
			buildRules = (
			);
			dependencies = (
			);
			name = "Oefening-MVC-0";
			productName = "Oefening-MVC-0";
			productReference = ABCCB7F51B7E00BE00E0C7E9 /* Oefening-MVC-0.app */;
			productType = "com.apple.product-type.application";
		};
		ABCCB80D1B7E00BE00E0C7E9 /* Oefening-MVC-0Tests */ = {
			isa = PBXNativeTarget;
			buildConfigurationList = ABCCB81B1B7E00BE00E0C7E9 /* Build configuration list for PBXNativeTarget "Oefening-MVC-0Tests" */;
			buildPhases = (
				ABCCB80A1B7E00BE00E0C7E9 /* Sources */,
				ABCCB80B1B7E00BE00E0C7E9 /* Frameworks */,
				ABCCB80C1B7E00BE00E0C7E9 /* Resources */,
			);
			buildRules = (
			);
			dependencies = (
				ABCCB8101B7E00BE00E0C7E9 /* PBXTargetDependency */,
			);
			name = "Oefening-MVC-0Tests";
			productName = "Oefening-MVC-0Tests";
			productReference = ABCCB80E1B7E00BE00E0C7E9 /* Oefening-MVC-0Tests.xctest */;
			productType = "com.apple.product-type.bundle.unit-test";
		};
/* End PBXNativeTarget section */

/* Begin PBXProject section */
		ABCCB7ED1B7E00BE00E0C7E9 /* Project object */ = {
			isa = PBXProject;
			attributes = {
				LastUpgradeCheck = 0640;
				ORGANIZATIONNAME = EASI;
				TargetAttributes = {
					ABCCB7F41B7E00BE00E0C7E9 = {
						CreatedOnToolsVersion = 6.4;
					};
					ABCCB80D1B7E00BE00E0C7E9 = {
						CreatedOnToolsVersion = 6.4;
						TestTargetID = ABCCB7F41B7E00BE00E0C7E9;
					};
				};
			};
			buildConfigurationList = ABCCB7F01B7E00BE00E0C7E9 /* Build configuration list for PBXProject "Oefening-MVC-0" */;
			compatibilityVersion = "Xcode 3.2";
			developmentRegion = English;
			hasScannedForEncodings = 0;
			knownRegions = (
				en,
				Base,
			);
			mainGroup = ABCCB7EC1B7E00BE00E0C7E9;
			productRefGroup = ABCCB7F61B7E00BE00E0C7E9 /* Products */;
			projectDirPath = "";
			projectRoot = "";
			targets = (
				ABCCB7F41B7E00BE00E0C7E9 /* Oefening-MVC-0 */,
				ABCCB80D1B7E00BE00E0C7E9 /* Oefening-MVC-0Tests */,
			);
		};
/* End PBXProject section */

/* Begin PBXResourcesBuildPhase section */
		ABCCB7F31B7E00BE00E0C7E9 /* Resources */ = {
			isa = PBXResourcesBuildPhase;
			buildActionMask = 2147483647;
			files = (
				ABCCB8041B7E00BE00E0C7E9 /* Main.storyboard in Resources */,
				ABCCB8091B7E00BE00E0C7E9 /* LaunchScreen.xib in Resources */,
				ABCCB8061B7E00BE00E0C7E9 /* Images.xcassets in Resources */,
			);
			runOnlyForDeploymentPostprocessing = 0;
		};
		ABCCB80C1B7E00BE00E0C7E9 /* Resources */ = {
			isa = PBXResourcesBuildPhase;
			buildActionMask = 2147483647;
			files = (
			);
			runOnlyForDeploymentPostprocessing = 0;
		};
/* End PBXResourcesBuildPhase section */

/* Begin PBXSourcesBuildPhase section */
		ABCCB7F11B7E00BE00E0C7E9 /* Sources */ = {
			isa = PBXSourcesBuildPhase;
			buildActionMask = 2147483647;
			files = (
				ABCCB7FE1B7E00BE00E0C7E9 /* AppDelegate.m in Sources */,
				BEC3B5361B82002900B62222 /* SegmentedViewController.m in Sources */,
				ABCCB8321B7E1E7B00E0C7E9 /* SliderViewController.m in Sources */,
				ABCCB8291B7E1C6A00E0C7E9 /* RandomViewController.m in Sources */,
				ABCCB82C1B7E1D4300E0C7E9 /* ImageViewController.m in Sources */,
				ABCCB82F1B7E1E7200E0C7E9 /* SwitchViewController.m in Sources */,
				ABCCB7FB1B7E00BE00E0C7E9 /* main.m in Sources */,
			);
			runOnlyForDeploymentPostprocessing = 0;
		};
		ABCCB80A1B7E00BE00E0C7E9 /* Sources */ = {
			isa = PBXSourcesBuildPhase;
			buildActionMask = 2147483647;
			files = (
				ABCCB8151B7E00BE00E0C7E9 /* Oefening_MVC_0Tests.m in Sources */,
			);
			runOnlyForDeploymentPostprocessing = 0;
		};
/* End PBXSourcesBuildPhase section */

/* Begin PBXTargetDependency section */
		ABCCB8101B7E00BE00E0C7E9 /* PBXTargetDependency */ = {
			isa = PBXTargetDependency;
			target = ABCCB7F41B7E00BE00E0C7E9 /* Oefening-MVC-0 */;
			targetProxy = ABCCB80F1B7E00BE00E0C7E9 /* PBXContainerItemProxy */;
		};
/* End PBXTargetDependency section */

/* Begin PBXVariantGroup section */
		ABCCB8021B7E00BE00E0C7E9 /* Main.storyboard */ = {
			isa = PBXVariantGroup;
			children = (
				ABCCB8031B7E00BE00E0C7E9 /* Base */,
			);
			name = Main.storyboard;
			sourceTree = "<group>";
		};
		ABCCB8071B7E00BE00E0C7E9 /* LaunchScreen.xib */ = {
			isa = PBXVariantGroup;
			children = (
				ABCCB8081B7E00BE00E0C7E9 /* Base */,
			);
			name = LaunchScreen.xib;
			sourceTree = "<group>";
		};
/* End PBXVariantGroup section */

/* Begin XCBuildConfiguration section */
		ABCCB8161B7E00BE00E0C7E9 /* Debug */ = {
			isa = XCBuildConfiguration;
			buildSettings = {
				ALWAYS_SEARCH_USER_PATHS = NO;
				CLANG_CXX_LANGUAGE_STANDARD = "gnu++0x";
				CLANG_CXX_LIBRARY = "libc++";
				CLANG_ENABLE_MODULES = YES;
				CLANG_ENABLE_OBJC_ARC = YES;
				CLANG_WARN_BOOL_CONVERSION = YES;
				CLANG_WARN_CONSTANT_CONVERSION = YES;
				CLANG_WARN_DIRECT_OBJC_ISA_USAGE = YES_ERROR;
				CLANG_WARN_EMPTY_BODY = YES;
				CLANG_WARN_ENUM_CONVERSION = YES;
				CLANG_WARN_INT_CONVERSION = YES;
				CLANG_WARN_OBJC_ROOT_CLASS = YES_ERROR;
				CLANG_WARN_UNREACHABLE_CODE = YES;
				CLANG_WARN__DUPLICATE_METHOD_MATCH = YES;
				"CODE_SIGN_IDENTITY[sdk=iphoneos*]" = "iPhone Developer";
				COPY_PHASE_STRIP = NO;
				DEBUG_INFORMATION_FORMAT = "dwarf-with-dsym";
				ENABLE_STRICT_OBJC_MSGSEND = YES;
				GCC_C_LANGUAGE_STANDARD = gnu99;
				GCC_DYNAMIC_NO_PIC = NO;
				GCC_NO_COMMON_BLOCKS = YES;
				GCC_OPTIMIZATION_LEVEL = 0;
				GCC_PREPROCESSOR_DEFINITIONS = (
					"DEBUG=1",
					"$(inherited)",
				);
				GCC_SYMBOLS_PRIVATE_EXTERN = NO;
				GCC_WARN_64_TO_32_BIT_CONVERSION = YES;
				GCC_WARN_ABOUT_RETURN_TYPE = YES_ERROR;
				GCC_WARN_UNDECLARED_SELECTOR = YES;
				GCC_WARN_UNINITIALIZED_AUTOS = YES_AGGRESSIVE;
				GCC_WARN_UNUSED_FUNCTION = YES;
				GCC_WARN_UNUSED_VARIABLE = YES;
				IPHONEOS_DEPLOYMENT_TARGET = 8.4;
				MTL_ENABLE_DEBUG_INFO = YES;
				ONLY_ACTIVE_ARCH = YES;
				SDKROOT = iphoneos;
			};
			name = Debug;
		};
		ABCCB8171B7E00BE00E0C7E9 /* Release */ = {
			isa = XCBuildConfiguration;
			buildSettings = {
				ALWAYS_SEARCH_USER_PATHS = NO;
				CLANG_CXX_LANGUAGE_STANDARD = "gnu++0x";
				CLANG_CXX_LIBRARY = "libc++";
				CLANG_ENABLE_MODULES = YES;
				CLANG_ENABLE_OBJC_ARC = YES;
				CLANG_WARN_BOOL_CONVERSION = YES;
				CLANG_WARN_CONSTANT_CONVERSION = YES;
				CLANG_WARN_DIRECT_OBJC_ISA_USAGE = YES_ERROR;
				CLANG_WARN_EMPTY_BODY = YES;
				CLANG_WARN_ENUM_CONVERSION = YES;
				CLANG_WARN_INT_CONVERSION = YES;
				CLANG_WARN_OBJC_ROOT_CLASS = YES_ERROR;
				CLANG_WARN_UNREACHABLE_CODE = YES;
				CLANG_WARN__DUPLICATE_METHOD_MATCH = YES;
				"CODE_SIGN_IDENTITY[sdk=iphoneos*]" = "iPhone Developer";
				COPY_PHASE_STRIP = NO;
				DEBUG_INFORMATION_FORMAT = "dwarf-with-dsym";
				ENABLE_NS_ASSERTIONS = NO;
				ENABLE_STRICT_OBJC_MSGSEND = YES;
				GCC_C_LANGUAGE_STANDARD = gnu99;
				GCC_NO_COMMON_BLOCKS = YES;
				GCC_WARN_64_TO_32_BIT_CONVERSION = YES;
				GCC_WARN_ABOUT_RETURN_TYPE = YES_ERROR;
				GCC_WARN_UNDECLARED_SELECTOR = YES;
				GCC_WARN_UNINITIALIZED_AUTOS = YES_AGGRESSIVE;
				GCC_WARN_UNUSED_FUNCTION = YES;
				GCC_WARN_UNUSED_VARIABLE = YES;
				IPHONEOS_DEPLOYMENT_TARGET = 8.4;
				MTL_ENABLE_DEBUG_INFO = NO;
				SDKROOT = iphoneos;
				VALIDATE_PRODUCT = YES;
			};
			name = Release;
		};
		ABCCB8191B7E00BE00E0C7E9 /* Debug */ = {
			isa = XCBuildConfiguration;
			buildSettings = {
				ASSETCATALOG_COMPILER_APPICON_NAME = AppIcon;
				INFOPLIST_FILE = "Oefening-MVC-0/Info.plist";
				LD_RUNPATH_SEARCH_PATHS = "$(inherited) @executable_path/Frameworks";
				PRODUCT_NAME = "$(TARGET_NAME)";
			};
			name = Debug;
		};
		ABCCB81A1B7E00BE00E0C7E9 /* Release */ = {
			isa = XCBuildConfiguration;
			buildSettings = {
				ASSETCATALOG_COMPILER_APPICON_NAME = AppIcon;
				INFOPLIST_FILE = "Oefening-MVC-0/Info.plist";
				LD_RUNPATH_SEARCH_PATHS = "$(inherited) @executable_path/Frameworks";
				PRODUCT_NAME = "$(TARGET_NAME)";
			};
			name = Release;
		};
		ABCCB81C1B7E00BE00E0C7E9 /* Debug */ = {
			isa = XCBuildConfiguration;
			buildSettings = {
				BUNDLE_LOADER = "$(TEST_HOST)";
				FRAMEWORK_SEARCH_PATHS = (
					"$(SDKROOT)/Developer/Library/Frameworks",
					"$(inherited)",
				);
				GCC_PREPROCESSOR_DEFINITIONS = (
					"DEBUG=1",
					"$(inherited)",
				);
				INFOPLIST_FILE = "Oefening-MVC-0Tests/Info.plist";
				LD_RUNPATH_SEARCH_PATHS = "$(inherited) @executable_path/Frameworks @loader_path/Frameworks";
				PRODUCT_NAME = "$(TARGET_NAME)";
				TEST_HOST = "$(BUILT_PRODUCTS_DIR)/Oefening-MVC-0.app/Oefening-MVC-0";
			};
			name = Debug;
		};
		ABCCB81D1B7E00BE00E0C7E9 /* Release */ = {
			isa = XCBuildConfiguration;
			buildSettings = {
				BUNDLE_LOADER = "$(TEST_HOST)";
				FRAMEWORK_SEARCH_PATHS = (
					"$(SDKROOT)/Developer/Library/Frameworks",
					"$(inherited)",
				);
				INFOPLIST_FILE = "Oefening-MVC-0Tests/Info.plist";
				LD_RUNPATH_SEARCH_PATHS = "$(inherited) @executable_path/Frameworks @loader_path/Frameworks";
				PRODUCT_NAME = "$(TARGET_NAME)";
				TEST_HOST = "$(BUILT_PRODUCTS_DIR)/Oefening-MVC-0.app/Oefening-MVC-0";
			};
			name = Release;
		};
/* End XCBuildConfiguration section */

/* Begin XCConfigurationList section */
		ABCCB7F01B7E00BE00E0C7E9 /* Build configuration list for PBXProject "Oefening-MVC-0" */ = {
			isa = XCConfigurationList;
			buildConfigurations = (
				ABCCB8161B7E00BE00E0C7E9 /* Debug */,
				ABCCB8171B7E00BE00E0C7E9 /* Release */,
			);
			defaultConfigurationIsVisible = 0;
			defaultConfigurationName = Release;
		};
		ABCCB8181B7E00BE00E0C7E9 /* Build configuration list for PBXNativeTarget "Oefening-MVC-0" */ = {
			isa = XCConfigurationList;
			buildConfigurations = (
				ABCCB8191B7E00BE00E0C7E9 /* Debug */,
				ABCCB81A1B7E00BE00E0C7E9 /* Release */,
			);
			defaultConfigurationIsVisible = 0;
			defaultConfigurationName = Release;
		};
		ABCCB81B1B7E00BE00E0C7E9 /* Build configuration list for PBXNativeTarget "Oefening-MVC-0Tests" */ = {
			isa = XCConfigurationList;
			buildConfigurations = (
				ABCCB81C1B7E00BE00E0C7E9 /* Debug */,
				ABCCB81D1B7E00BE00E0C7E9 /* Release */,
			);
			defaultConfigurationIsVisible = 0;
			defaultConfigurationName = Release;
		};
/* End XCConfigurationList section */
	};
	rootObject = ABCCB7ED1B7E00BE00E0C7E9 /* Project object */;
}
